// !$*UTF8*$!
{
	archiveVersion = 1;
	classes = {
	};
	objectVersion = 50;
	objects = {

/* Begin PBXBuildFile section */
		EDE6C2F421667FE800009280 /* AppDelegate.swift in Sources */ = {isa = PBXBuildFile; fileRef = EDE6C2F321667FE800009280 /* AppDelegate.swift */; };
		EDE6C2F621667FE800009280 /* ViewController.swift in Sources */ = {isa = PBXBuildFile; fileRef = EDE6C2F521667FE800009280 /* ViewController.swift */; };
		EDE6C2F921667FE900009280 /* Main.storyboard in Resources */ = {isa = PBXBuildFile; fileRef = EDE6C2F721667FE900009280 /* Main.storyboard */; };
		EDE6C2FB21667FEA00009280 /* Assets.xcassets in Resources */ = {isa = PBXBuildFile; fileRef = EDE6C2FA21667FEA00009280 /* Assets.xcassets */; };
		EDE6C2FE21667FEA00009280 /* LaunchScreen.storyboard in Resources */ = {isa = PBXBuildFile; fileRef = EDE6C2FC21667FEA00009280 /* LaunchScreen.storyboard */; };
		EDE6C306216687AD00009280 /* DetailFontsViewController.swift in Sources */ = {isa = PBXBuildFile; fileRef = EDE6C305216687AD00009280 /* DetailFontsViewController.swift */; };
/* End PBXBuildFile section */

/* Begin PBXFileReference section */
		EDE6C2F021667FE800009280 /* AllFamiliesWithFonts.app */ = {isa = PBXFileReference; explicitFileType = wrapper.application; includeInIndex = 0; path = AllFamiliesWithFonts.app; sourceTree = BUILT_PRODUCTS_DIR; };
		EDE6C2F321667FE800009280 /* AppDelegate.swift */ = {isa = PBXFileReference; lastKnownFileType = sourcecode.swift; path = AppDelegate.swift; sourceTree = "<group>"; };
		EDE6C2F521667FE800009280 /* ViewController.swift */ = {isa = PBXFileReference; lastKnownFileType = sourcecode.swift; path = ViewController.swift; sourceTree = "<group>"; };
		EDE6C2F821667FE900009280 /* Base */ = {isa = PBXFileReference; lastKnownFileType = file.storyboard; name = Base; path = Base.lproj/Main.storyboard; sourceTree = "<group>"; };
		EDE6C2FA21667FEA00009280 /* Assets.xcassets */ = {isa = PBXFileReference; lastKnownFileType = folder.assetcatalog; path = Assets.xcassets; sourceTree = "<group>"; };
		EDE6C2FD21667FEA00009280 /* Base */ = {isa = PBXFileReference; lastKnownFileType = file.storyboard; name = Base; path = Base.lproj/LaunchScreen.storyboard; sourceTree = "<group>"; };
		EDE6C2FF21667FEA00009280 /* Info.plist */ = {isa = PBXFileReference; lastKnownFileType = text.plist.xml; path = Info.plist; sourceTree = "<group>"; };
		EDE6C305216687AD00009280 /* DetailFontsViewController.swift */ = {isa = PBXFileReference; lastKnownFileType = sourcecode.swift; path = DetailFontsViewController.swift; sourceTree = "<group>"; };
/* End PBXFileReference section */

/* Begin PBXFrameworksBuildPhase section */
		EDE6C2ED21667FE800009280 /* Frameworks */ = {
			isa = PBXFrameworksBuildPhase;
			buildActionMask = 2147483647;
			files = (
			);
			runOnlyForDeploymentPostprocessing = 0;
		};
/* End PBXFrameworksBuildPhase section */

/* Begin PBXGroup section */
		EDE6C2E721667FE800009280 = {
			isa = PBXGroup;
			children = (
				EDE6C2F221667FE800009280 /* AllFamiliesWithFonts */,
				EDE6C2F121667FE800009280 /* Products */,
			);
			sourceTree = "<group>";
		};
		EDE6C2F121667FE800009280 /* Products */ = {
			isa = PBXGroup;
			children = (
				EDE6C2F021667FE800009280 /* AllFamiliesWithFonts.app */,
			);
			name = Products;
			sourceTree = "<group>";
		};
		EDE6C2F221667FE800009280 /* AllFamiliesWithFonts */ = {
			isa = PBXGroup;
			children = (
				EDE6C2F321667FE800009280 /* AppDelegate.swift */,
				EDE6C2F521667FE800009280 /* ViewController.swift */,
				EDE6C2F721667FE900009280 /* Main.storyboard */,
				EDE6C2FA21667FEA00009280 /* Assets.xcassets */,
				EDE6C2FC21667FEA00009280 /* LaunchScreen.storyboard */,
				EDE6C2FF21667FEA00009280 /* Info.plist */,
				EDE6C305216687AD00009280 /* DetailFontsViewController.swift */,
			);
			path = AllFamiliesWithFonts;
			sourceTree = "<group>";
		};
/* End PBXGroup section */

/* Begin PBXNativeTarget section */
		EDE6C2EF21667FE800009280 /* AllFamiliesWithFonts */ = {
			isa = PBXNativeTarget;
			buildConfigurationList = EDE6C30221667FEA00009280 /* Build configuration list for PBXNativeTarget "AllFamiliesWithFonts" */;
			buildPhases = (
				EDE6C2EC21667FE800009280 /* Sources */,
				EDE6C2ED21667FE800009280 /* Frameworks */,
				EDE6C2EE21667FE800009280 /* Resources */,
			);
			buildRules = (
			);
			dependencies = (
			);
			name = AllFamiliesWithFonts;
			productName = AllFamiliesWithFonts;
			productReference = EDE6C2F021667FE800009280 /* AllFamiliesWithFonts.app */;
			productType = "com.apple.product-type.application";
		};
/* End PBXNativeTarget section */

/* Begin PBXProject section */
		EDE6C2E821667FE800009280 /* Project object */ = {
			isa = PBXProject;
			attributes = {
				LastSwiftUpdateCheck = 1000;
				LastUpgradeCheck = 1000;
				ORGANIZATIONNAME = "Omar Aldair Romero Pérez";
				TargetAttributes = {
					EDE6C2EF21667FE800009280 = {
						CreatedOnToolsVersion = 10.0;
					};
				};
			};
			buildConfigurationList = EDE6C2EB21667FE800009280 /* Build configuration list for PBXProject "AllFamiliesWithFonts" */;
			compatibilityVersion = "Xcode 9.3";
			developmentRegion = en;
			hasScannedForEncodings = 0;
			knownRegions = (
				en,
				Base,
			);
			mainGroup = EDE6C2E721667FE800009280;
			productRefGroup = EDE6C2F121667FE800009280 /* Products */;
			projectDirPath = "";
			projectRoot = "";
			targets = (
				EDE6C2EF21667FE800009280 /* AllFamiliesWithFonts */,
			);
		};
/* End PBXProject section */

/* Begin PBXResourcesBuildPhase section */
		EDE6C2EE21667FE800009280 /* Resources */ = {
			isa = PBXResourcesBuildPhase;
			buildActionMask = 2147483647;
			files = (
				EDE6C2FE21667FEA00009280 /* LaunchScreen.storyboard in Resources */,
				EDE6C2FB21667FEA00009280 /* Assets.xcassets in Resources */,
				EDE6C2F921667FE900009280 /* Main.storyboard in Resources */,
			);
			runOnlyForDeploymentPostprocessing = 0;
		};
/* End PBXResourcesBuildPhase section */

/* Begin PBXSourcesBuildPhase section */
		EDE6C2EC21667FE800009280 /* Sources */ = {
			isa = PBXSourcesBuildPhase;
			buildActionMask = 2147483647;
			files = (
				EDE6C306216687AD00009280 /* DetailFontsViewController.swift in Sources */,
				EDE6C2F621667FE800009280 /* ViewController.swift in Sources */,
				EDE6C2F421667FE800009280 /* AppDelegate.swift in Sources */,
			);
			runOnlyForDeploymentPostprocessing = 0;
		};
/* End PBXSourcesBuildPhase section */

/* Begin PBXVariantGroup section */
		EDE6C2F721667FE900009280 /* Main.storyboard */ = {
			isa = PBXVariantGroup;
			children = (
				EDE6C2F821667FE900009280 /* Base */,
			);
			name = Main.storyboard;
			sourceTree = "<group>";
		};
		EDE6C2FC21667FEA00009280 /* LaunchScreen.storyboard */ = {
			isa = PBXVariantGroup;
			children = (
				EDE6C2FD21667FEA00009280 /* Base */,
			);
			name = LaunchScreen.storyboard;
			sourceTree = "<group>";
		};
/* End PBXVariantGroup section */

/* Begin XCBuildConfiguration section */
		EDE6C30021667FEA00009280 /* Debug */ = {
			isa = XCBuildConfiguration;
			buildSettings = {
				ALWAYS_SEARCH_USER_PATHS = NO;
				CLANG_ANALYZER_NONNULL = YES;
				CLANG_ANALYZER_NUMBER_OBJECT_CONVERSION = YES_AGGRESSIVE;
				CLANG_CXX_LANGUAGE_STANDARD = "gnu++14";
				CLANG_CXX_LIBRARY = "libc++";
				CLANG_ENABLE_MODULES = YES;
				CLANG_ENABLE_OBJC_ARC = YES;
				CLANG_ENABLE_OBJC_WEAK = YES;
				CLANG_WARN_BLOCK_CAPTURE_AUTORELEASING = YES;
				CLANG_WARN_BOOL_CONVERSION = YES;
				CLANG_WARN_COMMA = YES;
				CLANG_WARN_CONSTANT_CONVERSION = YES;
				CLANG_WARN_DEPRECATED_OBJC_IMPLEMENTATIONS = YES;
				CLANG_WARN_DIRECT_OBJC_ISA_USAGE = YES_ERROR;
				CLANG_WARN_DOCUMENTATION_COMMENTS = YES;
				CLANG_WARN_EMPTY_BODY = YES;
				CLANG_WARN_ENUM_CONVERSION = YES;
				CLANG_WARN_INFINITE_RECURSION = YES;
				CLANG_WARN_INT_CONVERSION = YES;
				CLANG_WARN_NON_LITERAL_NULL_CONVERSION = YES;
				CLANG_WARN_OBJC_IMPLICIT_RETAIN_SELF = YES;
				CLANG_WARN_OBJC_LITERAL_CONVERSION = YES;
				CLANG_WARN_OBJC_ROOT_CLASS = YES_ERROR;
				CLANG_WARN_RANGE_LOOP_ANALYSIS = YES;
				CLANG_WARN_STRICT_PROTOTYPES = YES;
				CLANG_WARN_SUSPICIOUS_MOVE = YES;
				CLANG_WARN_UNGUARDED_AVAILABILITY = YES_AGGRESSIVE;
				CLANG_WARN_UNREACHABLE_CODE = YES;
				CLANG_WARN__DUPLICATE_METHOD_MATCH = YES;
				CODE_SIGN_IDENTITY = "iPhone Developer";
				COPY_PHASE_STRIP = NO;
				DEBUG_INFORMATION_FORMAT = dwarf;
				ENABLE_STRICT_OBJC_MSGSEND = YES;
				ENABLE_TESTABILITY = YES;
				GCC_C_LANGUAGE_STANDARD = gnu11;
				GCC_DYNAMIC_NO_PIC = NO;
				GCC_NO_COMMON_BLOCKS = YES;
				GCC_OPTIMIZATION_LEVEL = 0;
				GCC_PREPROCESSOR_DEFINITIONS = (
					"DEBUG=1",
					"$(inherited)",
				);
				GCC_WARN_64_TO_32_BIT_CONVERSION = YES;
				GCC_WARN_ABOUT_RETURN_TYPE = YES_ERROR;
				GCC_WARN_UNDECLARED_SELECTOR = YES;
				GCC_WARN_UNINITIALIZED_AUTOS = YES_AGGRESSIVE;
				GCC_WARN_UNUSED_FUNCTION = YES;
				GCC_WARN_UNUSED_VARIABLE = YES;
				IPHONEOS_DEPLOYMENT_TARGET = 12.0;
				MTL_ENABLE_DEBUG_INFO = INCLUDE_SOURCE;
				MTL_FAST_MATH = YES;
				ONLY_ACTIVE_ARCH = YES;
				SDKROOT = iphoneos;
				SWIFT_ACTIVE_COMPILATION_CONDITIONS = DEBUG;
				SWIFT_OPTIMIZATION_LEVEL = "-Onone";
			};
			name = Debug;
		};
		EDE6C30121667FEA00009280 /* Release */ = {
			isa = XCBuildConfiguration;
			buildSettings = {
				ALWAYS_SEARCH_USER_PATHS = NO;
				CLANG_ANALYZER_NONNULL = YES;
				CLANG_ANALYZER_NUMBER_OBJECT_CONVERSION = YES_AGGRESSIVE;
				CLANG_CXX_LANGUAGE_STANDARD = "gnu++14";
				CLANG_CXX_LIBRARY = "libc++";
				CLANG_ENABLE_MODULES = YES;
				CLANG_ENABLE_OBJC_ARC = YES;
				CLANG_ENABLE_OBJC_WEAK = YES;
				CLANG_WARN_BLOCK_CAPTURE_AUTORELEASING = YES;
				CLANG_WARN_BOOL_CONVERSION = YES;
				CLANG_WARN_COMMA = YES;
				CLANG_WARN_CONSTANT_CONVERSION = YES;
				CLANG_WARN_DEPRECATED_OBJC_IMPLEMENTATIONS = YES;
				CLANG_WARN_DIRECT_OBJC_ISA_USAGE = YES_ERROR;
				CLANG_WARN_DOCUMENTATION_COMMENTS = YES;
				CLANG_WARN_EMPTY_BODY = YES;
				CLANG_WARN_ENUM_CONVERSION = YES;
				CLANG_WARN_INFINITE_RECURSION = YES;
				CLANG_WARN_INT_CONVERSION = YES;
				CLANG_WARN_NON_LITERAL_NULL_CONVERSION = YES;
				CLANG_WARN_OBJC_IMPLICIT_RETAIN_SELF = YES;
				CLANG_WARN_OBJC_LITERAL_CONVERSION = YES;
				CLANG_WARN_OBJC_ROOT_CLASS = YES_ERROR;
				CLANG_WARN_RANGE_LOOP_ANALYSIS = YES;
				CLANG_WARN_STRICT_PROTOTYPES = YES;
				CLANG_WARN_SUSPICIOUS_MOVE = YES;
				CLANG_WARN_UNGUARDED_AVAILABILITY = YES_AGGRESSIVE;
				CLANG_WARN_UNREACHABLE_CODE = YES;
				CLANG_WARN__DUPLICATE_METHOD_MATCH = YES;
				CODE_SIGN_IDENTITY = "iPhone Developer";
				COPY_PHASE_STRIP = NO;
				DEBUG_INFORMATION_FORMAT = "dwarf-with-dsym";
				ENABLE_NS_ASSERTIONS = NO;
				ENABLE_STRICT_OBJC_MSGSEND = YES;
				GCC_C_LANGUAGE_STANDARD = gnu11;
				GCC_NO_COMMON_BLOCKS = YES;
				GCC_WARN_64_TO_32_BIT_CONVERSION = YES;
				GCC_WARN_ABOUT_RETURN_TYPE = YES_ERROR;
				GCC_WARN_UNDECLARED_SELECTOR = YES;
				GCC_WARN_UNINITIALIZED_AUTOS = YES_AGGRESSIVE;
				GCC_WARN_UNUSED_FUNCTION = YES;
				GCC_WARN_UNUSED_VARIABLE = YES;
				IPHONEOS_DEPLOYMENT_TARGET = 12.0;
				MTL_ENABLE_DEBUG_INFO = NO;
				MTL_FAST_MATH = YES;
				SDKROOT = iphoneos;
				SWIFT_COMPILATION_MODE = wholemodule;
				SWIFT_OPTIMIZATION_LEVEL = "-O";
				VALIDATE_PRODUCT = YES;
			};
			name = Release;
		};
		EDE6C30321667FEA00009280 /* Debug */ = {
			isa = XCBuildConfiguration;
			buildSettings = {
				ASSETCATALOG_COMPILER_APPICON_NAME = AppIcon;
				CODE_SIGN_STYLE = Automatic;
				DEVELOPMENT_TEAM = D6A85H8M23;
				INFOPLIST_FILE = AllFamiliesWithFonts/Info.plist;
				LD_RUNPATH_SEARCH_PATHS = (
					"$(inherited)",
					"@executable_path/Frameworks",
				);
				PRODUCT_BUNDLE_IDENTIFIER = com.omaraldair.AllFamiliesWithFonts;
				PRODUCT_NAME = "$(TARGET_NAME)";
				SWIFT_VERSION = 4.2;
				TARGETED_DEVICE_FAMILY = "1,2";
			};
			name = Debug;
		};
		EDE6C30421667FEA00009280 /* Release */ = {
			isa = XCBuildConfiguration;
			buildSettings = {
				ASSETCATALOG_COMPILER_APPICON_NAME = AppIcon;
				CODE_SIGN_STYLE = Automatic;
				DEVELOPMENT_TEAM = D6A85H8M23;
				INFOPLIST_FILE = AllFamiliesWithFonts/Info.plist;
				LD_RUNPATH_SEARCH_PATHS = (
					"$(inherited)",
					"@executable_path/Frameworks",
				);
				PRODUCT_BUNDLE_IDENTIFIER = com.omaraldair.AllFamiliesWithFonts;
				PRODUCT_NAME = "$(TARGET_NAME)";
				SWIFT_VERSION = 4.2;
				TARGETED_DEVICE_FAMILY = "1,2";
			};
			name = Release;
		};
/* End XCBuildConfiguration section */

/* Begin XCConfigurationList section */
		EDE6C2EB21667FE800009280 /* Build configuration list for PBXProject "AllFamiliesWithFonts" */ = {
			isa = XCConfigurationList;
			buildConfigurations = (
				EDE6C30021667FEA00009280 /* Debug */,
				EDE6C30121667FEA00009280 /* Release */,
			);
			defaultConfigurationIsVisible = 0;
			defaultConfigurationName = Release;
		};
		EDE6C30221667FEA00009280 /* Build configuration list for PBXNativeTarget "AllFamiliesWithFonts" */ = {
			isa = XCConfigurationList;
			buildConfigurations = (
				EDE6C30321667FEA00009280 /* Debug */,
				EDE6C30421667FEA00009280 /* Release */,
			);
			defaultConfigurationIsVisible = 0;
			defaultConfigurationName = Release;
		};
/* End XCConfigurationList section */
	};
	rootObject = EDE6C2E821667FE800009280 /* Project object */;
}
